
Microsoft Visual Studio Solution File, Format Version 12.00
# Visual Studio Version 17
VisualStudioVersion = 17.7.34018.315
MinimumVisualStudioVersion = 10.0.40219.1
Project("{FAE04EC0-301F-11D3-BF4B-00C04F79EFBC}") = "BAExpense", "BAExpense\BAExpense.csproj", "{36E721E0-3F94-453F-B8F1-C6C3BAC4BED2}"
EndProject
Global
	GlobalSection(SolutionConfigurationPlatforms) = preSolution
		Debug|Any CPU = Debug|Any CPU
		Release|Any CPU = Release|Any CPU
	EndGlobalSection
	GlobalSection(ProjectConfigurationPlatforms) = postSolution
		{36E721E0-3F94-453F-B8F1-C6C3BAC4BED2}.Debug|Any CPU.ActiveCfg = Debug|Any CPU
		{36E721E0-3F94-453F-B8F1-C6C3BAC4BED2}.Debug|Any CPU.Build.0 = Debug|Any CPU
		{36E721E0-3F94-453F-B8F1-C6C3BAC4BED2}.Release|Any CPU.ActiveCfg = Release|Any CPU
		{36E721E0-3F94-453F-B8F1-C6C3BAC4BED2}.Release|Any CPU.Build.0 = Release|Any CPU
	EndGlobalSection
	GlobalSection(SolutionProperties) = preSolution
		HideSolutionNode = FALSE
	EndGlobalSection
	GlobalSection(ExtensibilityGlobals) = postSolution
		SolutionGuid = {5095DBAA-9E29-4DAA-A549-6679B43CFE49}
	EndGlobalSection
EndGlobal
